%{
  "atecc508a": {:hex, :atecc508a, "0.2.3", "528061fbf6eef95857ed1e11d6daa7c4608194778540cc0bd80dd5991df0a895", [:mix], [{:circuits_i2c, "~> 0.2", [hex: :circuits_i2c, repo: "hexpm", optional: false]}, {:x509, "~> 0.5.1 or ~> 0.6", [hex: :x509, repo: "hexpm", optional: false]}], "hexpm", "8cf9984d0349c46114ece1b206792ba82e80ee223a82c1a60b9e8e49c1a22d78"},
  "certifi": {:hex, :certifi, "2.5.3", "70bdd7e7188c804f3a30ee0e7c99655bc35d8ac41c23e12325f36ab449b70651", [:rebar3], [{:parse_trans, "~>3.3", [hex: :parse_trans, repo: "hexpm", optional: false]}], "hexpm", "ed516acb3929b101208a9d700062d520f3953da3b6b918d866106ffa980e1c10"},
  "circuits_i2c": {:hex, :circuits_i2c, "0.3.8", "fb969ddecdfe621202725ac631a32c1315c86dd9c90e429761a64c2326b113c3", [:make, :mix], [{:elixir_make, "~> 0.6", [hex: :elixir_make, repo: "hexpm", optional: false]}], "hexpm", "396f21f8932ac957eb10b0e84ee5b090a02bcf3b5616d8599a02ce2e72722c63"},
  "elixir_make": {:hex, :elixir_make, "0.6.2", "7dffacd77dec4c37b39af867cedaabb0b59f6a871f89722c25b28fcd4bd70530", [:mix], [], "hexpm", "03e49eadda22526a7e5279d53321d1cced6552f344ba4e03e619063de75348d9"},
  "ex_unit_release": {:hex, :ex_unit_release, "0.1.0", "c7d180f82965dc1fd6a5f72359c813407bf4902af251914884781f5847cfdedb", [:mix], [], "hexpm", "212a88aff126196b61bef7d6b32b1c9495a00ddab727c72b7d7f5025034b4454"},
  "fwup": {:hex, :fwup, "0.3.0", "2c360815565fcbc945ebbb34b58f156efacb7f8d64766f1cb3426919bb3f41ea", [:mix], [], "hexpm", "d12990ebda7d485d0eb7502df7aa9a56e66f67b5eda158c352db1de48e3f0518"},
  "gen_state_machine": {:hex, :gen_state_machine, "3.0.0", "1e57f86a494e5c6b14137ebef26a7eb342b3b0070c7135f2d6768ed3f6b6cdff", [:mix], [], "hexpm", "0a59652574bebceb7309f6b749d2a41b45fdeda8dbb4da0791e355dd19f0ed15"},
  "hackney": {:hex, :hackney, "1.17.0", "717ea195fd2f898d9fe9f1ce0afcc2621a41ecfe137fae57e7fe6e9484b9aa99", [:rebar3], [{:certifi, "~>2.5", [hex: :certifi, repo: "hexpm", optional: false]}, {:idna, "~>6.1.0", [hex: :idna, repo: "hexpm", optional: false]}, {:metrics, "~>1.0.0", [hex: :metrics, repo: "hexpm", optional: false]}, {:mimerl, "~>1.1", [hex: :mimerl, repo: "hexpm", optional: false]}, {:parse_trans, "~>3.3", [hex: :parse_trans, repo: "hexpm", optional: false]}, {:ssl_verify_fun, "~>1.1.0", [hex: :ssl_verify_fun, repo: "hexpm", optional: false]}, {:unicode_util_compat, "~>0.7.0", [hex: :unicode_util_compat, repo: "hexpm", optional: false]}], "hexpm", "64c22225f1ea8855f584720c0e5b3cd14095703af1c9fbc845ba042811dc671c"},
  "idna": {:hex, :idna, "6.1.1", "8a63070e9f7d0c62eb9d9fcb360a7de382448200fbbd1b106cc96d3d8099df8d", [:rebar3], [{:unicode_util_compat, "~>0.7.0", [hex: :unicode_util_compat, repo: "hexpm", optional: false]}], "hexpm", "92376eb7894412ed19ac475e4a86f7b413c1b9fbb5bd16dccd57934157944cea"},
  "jason": {:hex, :jason, "1.2.2", "ba43e3f2709fd1aa1dce90aaabfd039d000469c05c56f0b8e31978e03fa39052", [:mix], [{:decimal, "~> 1.0 or ~> 2.0", [hex: :decimal, repo: "hexpm", optional: true]}], "hexpm", "18a228f5f0058ee183f29f9eae0805c6e59d61c3b006760668d8d18ff0d12179"},
  "metrics": {:hex, :metrics, "1.0.1", "25f094dea2cda98213cecc3aeff09e940299d950904393b2a29d191c346a8486", [:rebar3], [], "hexpm", "69b09adddc4f74a40716ae54d140f93beb0fb8978d8636eaded0c31b6f099f16"},
  "mime": {:hex, :mime, "1.5.0", "203ef35ef3389aae6d361918bf3f952fa17a09e8e43b5aa592b93eba05d0fb8d", [:mix], [], "hexpm", "55a94c0f552249fc1a3dd9cd2d3ab9de9d3c89b559c2bd01121f824834f24746"},
  "mimerl": {:hex, :mimerl, "1.2.0", "67e2d3f571088d5cfd3e550c383094b47159f3eee8ffa08e64106cdf5e981be3", [:rebar3], [], "hexpm", "f278585650aa581986264638ebf698f8bb19df297f66ad91b18910dfc6e19323"},
  "muontrap": {:hex, :muontrap, "0.6.0", "0f73fcd7c1c7a98a93744b18ca66b718d75450d2d92cd3e535579ae72c76e7f2", [:make, :mix], [{:elixir_make, "~> 0.6", [hex: :elixir_make, repo: "hexpm", optional: false]}], "hexpm", "b5548a8dfb787b4eb7612e0650e9b460aa5d137fd101a0b67da68014631b198c"},
  "nerves": {:hex, :nerves, "1.7.3", "9e52c9aa43ccea844a7cc4c99165f4ff4bf4ddfb69da72fa9a481d8839c31499", [:make, :mix], [{:elixir_make, "~> 0.6", [hex: :elixir_make, repo: "hexpm", optional: false]}, {:jason, "~> 1.2", [hex: :jason, repo: "hexpm", optional: true]}], "hexpm", "e6216f711e834741c8066456377d6bcd1de6ae564638f38d3a21b7c0d39295eb"},
  "nerves_hub": {:hex, :nerves_hub, "0.7.4", "0e104cad468c3d601ed423e116ea3422fbd31b7eedb263bcb2a5c489dca8b53b", [:mix], [{:fwup, "~> 0.3.0", [hex: :fwup, repo: "hexpm", optional: false]}, {:hackney, "~> 1.10", [hex: :hackney, repo: "hexpm", optional: false]}, {:jason, "~> 1.0", [hex: :jason, repo: "hexpm", optional: false]}, {:nerves_hub_cli, "~> 0.9", [hex: :nerves_hub_cli, repo: "hexpm", optional: false]}, {:nerves_runtime, "~> 0.8", [hex: :nerves_runtime, repo: "hexpm", optional: false]}, {:phoenix_client, "~> 0.7", [hex: :phoenix_client, repo: "hexpm", optional: false]}, {:websocket_client, "~> 1.3", [hex: :websocket_client, repo: "hexpm", optional: false]}, {:x509, "~> 0.5", [hex: :x509, repo: "hexpm", optional: false]}], "hexpm", "af1daf7e879f1175c9db1957340b1773f11a00e1c63eb591427d1bf7f3d40b47"},
  "nerves_hub_cli": {:hex, :nerves_hub_cli, "0.10.5", "341ab43d62d87fd426866ab8972022fadaeb4291881f7112dc9603318135a622", [:mix], [{:nerves_hub_user_api, "~> 0.7.1", [hex: :nerves_hub_user_api, repo: "hexpm", optional: false]}, {:nimble_csv, "~> 0.7 or ~> 1.1", [hex: :nimble_csv, repo: "hexpm", optional: false]}, {:pbcs, "~> 0.1", [hex: :pbcs, repo: "hexpm", optional: false]}, {:table_rex, "~> 2.0.0 or ~> 3.0.0", [hex: :table_rex, repo: "hexpm", optional: false]}, {:x509, "~> 0.3", [hex: :x509, repo: "hexpm", optional: false]}], "hexpm", "cab6a3cc89811719d90bf10ea5f1512ad29089a598db6c2319652fde82d943a3"},
  "nerves_hub_user_api": {:hex, :nerves_hub_user_api, "0.7.1", "60e2cfb633b4a7dc03b2e94f34d1056d87cf0033b5db8b9cb4aaf7c05ba8bb19", [:mix], [{:hackney, "~> 1.9", [hex: :hackney, repo: "hexpm", optional: false]}, {:jason, "~> 1.0", [hex: :jason, repo: "hexpm", optional: false]}, {:tesla, "~> 1.2.1 or ~> 1.3", [hex: :tesla, repo: "hexpm", optional: false]}, {:x509, "~> 0.3", [hex: :x509, repo: "hexpm", optional: false]}], "hexpm", "4d378358a8383a4c6d347cb0eedd1228eb29268e6e560860bf8bc7e1a45840cf"},
  "nerves_key": {:hex, :nerves_key, "0.5.4", "5c8d47af9665fb0d62837a315262895021281d1b55ac1e4434bce9e38fde8590", [:mix], [{:atecc508a, "~> 0.2.1", [hex: :atecc508a, repo: "hexpm", optional: false]}, {:nerves_key_pkcs11, "~> 0.2", [hex: :nerves_key_pkcs11, repo: "hexpm", optional: false]}], "hexpm", "68ae1aa1c518bd265dd08d2ea363fc20b3d150d7631391390bd67978efc3269e"},
  "nerves_key_pkcs11": {:hex, :nerves_key_pkcs11, "0.2.3", "64768cc1c17784daf7d25829bae1448f1ce98a6f55bc1132e913d1472809be99", [:make, :mix], [{:elixir_make, "~> 0.4", [hex: :elixir_make, repo: "hexpm", optional: false]}], "hexpm", "c682a48c36b1bc010339a9f21b14798d38076cbe25c55daffaf9729428b13fa0"},
  "nerves_runtime": {:hex, :nerves_runtime, "0.11.3", "1b5b122e4db52a747c68b35d00cefd386b3299b69b8d9071aae5f8ddf1121be1", [:make, :mix], [{:elixir_make, "~> 0.6", [hex: :elixir_make, repo: "hexpm", optional: false]}, {:system_registry, "~> 0.8.0", [hex: :system_registry, repo: "hexpm", optional: false]}, {:uboot_env, "~> 0.1.1 or ~> 0.2.0 or ~> 0.3.0", [hex: :uboot_env, repo: "hexpm", optional: false]}], "hexpm", "ed255ead503029666d0fd9f736cbf3b62c0be380592e95de6ccbfdbf37fb7aee"},
  "nerves_system_br": {:hex, :nerves_system_br, "1.14.4", "cfab33432035f4ad92202a53d9067a02034d02144f7b33419e2636ef8feb4c3a", [:mix], [], "hexpm", "c04df862d040b9233a4c45e9f58633c70b70a43baf9c68eb983e41819eb95911"},
  "nerves_test_client": {:git, "https://github.com/mobileoverlord/nerves_test_client.git", "2ce416b60db08313da9ec7b7d03e0becc2f7e5ec", []},
  "nerves_toolchain_armv6_nerves_linux_gnueabihf": {:hex, :nerves_toolchain_armv6_nerves_linux_gnueabihf, "1.4.1", "bc50d7008080bfefe4e1840d77d941ed7a8ddb65cf335ee502f37ab30c88beab", [:mix], [{:nerves, "~> 1.0", [hex: :nerves, repo: "hexpm", optional: false]}, {:nerves_toolchain_ctng, "~> 1.8.1", [hex: :nerves_toolchain_ctng, repo: "hexpm", optional: false]}], "hexpm", "3a11a7a7d7d98571d06339ce286769fb201f6aad69f3377599c4efe051c5e7c2"},
  "nerves_toolchain_ctng": {:hex, :nerves_toolchain_ctng, "1.8.2", "66163f4fb90aa40cabae5700e516fdf40708d260334c4674514413d7cb585dbb", [:mix], [{:nerves, "~> 1.0", [hex: :nerves, repo: "hexpm", optional: false]}], "hexpm", "9734237608269d2d649cc67ebb7bcb605bb122259a7cea17dadcf8204f467638"},
  "nimble_csv": {:hex, :nimble_csv, "1.1.0", "b1dba4a86be9e03065c9de829050468e591f569100332db949e7ce71be0afc25", [:mix], [], "hexpm", "e986755bc302832cac429be6deda0fc9d82d3c82b47abefb68b3c17c9d949a3f"},
  "parse_trans": {:hex, :parse_trans, "3.3.1", "16328ab840cc09919bd10dab29e431da3af9e9e7e7e6f0089dd5a2d2820011d8", [:rebar3], [], "hexpm", "07cd9577885f56362d414e8c4c4e6bdf10d43a8767abb92d24cbe8b24c54888b"},
  "pbcs": {:hex, :pbcs, "0.1.2", "ee0b53d926394fcce8d030c6554288b4459dbacc7139ac25666c31bb34f33859", [:mix], [], "hexpm", "3aaa7b7c2cfa8eb3129cc407e9722076f0bfa5a8da3f5ffe2d69cb5f85a44855"},
  "phoenix_client": {:hex, :phoenix_client, "0.11.1", "b64de69050a3a435438a2545d6f3afcd5fa105b74110bb5212364e2f3ce96a46", [:mix], [{:jason, "~> 1.0", [hex: :jason, repo: "hexpm", optional: true]}, {:websocket_client, "~> 1.3", [hex: :websocket_client, repo: "hexpm", optional: false]}], "hexpm", "07edd8a87725b0158abe35711aeaf857e8f8c3c17727725b9324533d5abdf880"},
  "shoehorn": {:hex, :shoehorn, "0.7.0", "fc23870fb6b470f5c520fee692637b120a36e163842ab497bbec7e8a1aa6cfe3", [:mix], [], "hexpm", "eeb317ac677b228906039ccf532a582ad9f6d31d7958c98f5c853fe0459e0243"},
  "ssl_verify_fun": {:hex, :ssl_verify_fun, "1.1.6", "cf344f5692c82d2cd7554f5ec8fd961548d4fd09e7d22f5b62482e5aeaebd4b0", [:make, :mix, :rebar3], [], "hexpm", "bdb0d2471f453c88ff3908e7686f86f9be327d065cc1ec16fa4540197ea04680"},
  "system_registry": {:hex, :system_registry, "0.8.2", "df791dc276652fcfb53be4dab823e05f8269b96ac57c26f86a67838dbc0eefe7", [:mix], [], "hexpm", "f7acdede22c73ab0b3735eead7f2095efb2a7a6198366564205274db2ca2a8f8"},
  "table_rex": {:hex, :table_rex, "3.0.0", "5189b71b3b92ed461358f40f7b7b630dc37716bf6c8ab3e934b2bc63a99028bd", [:mix], [], "hexpm", "582776d24cbe6a4d30a39a7f02035b1bc979b6cd64923d7234dd2f0ad21a18c7"},
  "tesla": {:hex, :tesla, "1.4.0", "1081bef0124b8bdec1c3d330bbe91956648fb008cf0d3950a369cda466a31a87", [:mix], [{:castore, "~> 0.1", [hex: :castore, repo: "hexpm", optional: true]}, {:exjsx, ">= 3.0.0", [hex: :exjsx, repo: "hexpm", optional: true]}, {:finch, "~> 0.3", [hex: :finch, repo: "hexpm", optional: true]}, {:fuse, "~> 2.4", [hex: :fuse, repo: "hexpm", optional: true]}, {:gun, "~> 1.3", [hex: :gun, repo: "hexpm", optional: true]}, {:hackney, "~> 1.6", [hex: :hackney, repo: "hexpm", optional: true]}, {:ibrowse, "~> 4.4.0", [hex: :ibrowse, repo: "hexpm", optional: true]}, {:jason, ">= 1.0.0", [hex: :jason, repo: "hexpm", optional: true]}, {:mime, "~> 1.0", [hex: :mime, repo: "hexpm", optional: false]}, {:mint, "~> 1.0", [hex: :mint, repo: "hexpm", optional: true]}, {:poison, ">= 1.0.0", [hex: :poison, repo: "hexpm", optional: true]}, {:telemetry, "~> 0.4", [hex: :telemetry, repo: "hexpm", optional: true]}], "hexpm", "bf1374a5569f5fca8e641363b63f7347d680d91388880979a33bc12a6eb3e0aa"},
  "uboot_env": {:hex, :uboot_env, "0.3.0", "8afbcc8e5b65e5d0d5660ded2f5835a959d2326fa8683183f380cd6464e75174", [:mix], [], "hexpm", "d8fe5d2b4d52a14398ace02bd604ff7a0fa8960550bb7254f75dcbd438ddc6a1"},
  "unicode_util_compat": {:hex, :unicode_util_compat, "0.7.0", "bc84380c9ab48177092f43ac89e4dfa2c6d62b40b8bd132b1059ecc7232f9a78", [:rebar3], [], "hexpm", "25eee6d67df61960cf6a794239566599b09e17e668d3700247bc498638152521"},
  "vintage_net": {:hex, :vintage_net, "0.9.3", "6f023c73a4674eba3160d27f777847dbfb5c69abf87ee3b87ec0e0d410b73059", [:make, :mix], [{:elixir_make, "~> 0.6", [hex: :elixir_make, repo: "hexpm", optional: false]}, {:gen_state_machine, "~> 2.0.0 or ~> 2.1.0 or ~> 3.0.0", [hex: :gen_state_machine, repo: "hexpm", optional: false]}, {:muontrap, "~> 0.5.1 or ~> 0.6.0", [hex: :muontrap, repo: "hexpm", optional: false]}], "hexpm", "3e0094953aa0b36a6874b0dbb03cf02f45c275eca7bdf5386d17b702d869fda8"},
  "websocket_client": {:hex, :websocket_client, "1.4.2", "f1036e3f9427eecdb66808eee56dbcaeb5a1a352306e6a0d0d23a9487205f4d7", [:rebar3], [], "hexpm", "c005e5f8f2f6a8533c497a509dc52f3e6fb42fa2e0d67bff8ebc8802868d84ed"},
  "x509": {:hex, :x509, "0.8.2", "27b11ae9637dc5cfea18e6547c4c5a0fce8af024851260223d00fe0755dcf372", [:mix], [], "hexpm", "36b92a8305d034b6e1819b61890676beaba221692065e30611d0c92e8a978c7c"},
}
