%{
  "castore": {:hex, :castore, "0.1.18", "deb5b9ab02400561b6f5708f3e7660fc35ca2d51bfc6a940d2f513f89c2975fc", [:mix], [], "hexpm", "61bbaf6452b782ef80b33cdb45701afbcf0a918a45ebe7e73f1130d661e66a06"},
  "earmark_parser": {:hex, :earmark_parser, "1.4.29", "149d50dcb3a93d9f3d6f3ecf18c918fb5a2d3c001b5d3305c926cddfbd33355b", [:mix], [], "hexpm", "4902af1b3eb139016aed210888748db8070b8125c2342ce3dcae4f38dcc63503"},
  "elixir_make": {:hex, :elixir_make, "0.6.3", "bc07d53221216838d79e03a8019d0839786703129599e9619f4ab74c8c096eac", [:mix], [], "hexpm", "f5cbd651c5678bcaabdbb7857658ee106b12509cd976c2c2fca99688e1daf716"},
  "ex_doc": {:hex, :ex_doc, "0.29.0", "4a1cb903ce746aceef9c1f9ae8a6c12b742a5461e6959b9d3b24d813ffbea146", [:mix], [{:earmark_parser, "~> 1.4.19", [hex: :earmark_parser, repo: "hexpm", optional: false]}, {:makeup_elixir, "~> 0.14", [hex: :makeup_elixir, repo: "hexpm", optional: false]}, {:makeup_erlang, "~> 0.1", [hex: :makeup_erlang, repo: "hexpm", optional: false]}], "hexpm", "f096adb8bbca677d35d278223361c7792d496b3fc0d0224c9d4bc2f651af5db1"},
  "makeup": {:hex, :makeup, "1.1.0", "6b67c8bc2882a6b6a445859952a602afc1a41c2e08379ca057c0f525366fc3ca", [:mix], [{:nimble_parsec, "~> 1.2.2 or ~> 1.3", [hex: :nimble_parsec, repo: "hexpm", optional: false]}], "hexpm", "0a45ed501f4a8897f580eabf99a2e5234ea3e75a4373c8a52824f6e873be57a6"},
  "makeup_elixir": {:hex, :makeup_elixir, "0.16.0", "f8c570a0d33f8039513fbccaf7108c5d750f47d8defd44088371191b76492b0b", [:mix], [{:makeup, "~> 1.0", [hex: :makeup, repo: "hexpm", optional: false]}, {:nimble_parsec, "~> 1.2.3", [hex: :nimble_parsec, repo: "hexpm", optional: false]}], "hexpm", "28b2cbdc13960a46ae9a8858c4bebdec3c9a6d7b4b9e7f4ed1502f8159f338e7"},
  "makeup_erlang": {:hex, :makeup_erlang, "0.1.1", "3fcb7f09eb9d98dc4d208f49cc955a34218fc41ff6b84df7c75b3e6e533cc65f", [:mix], [{:makeup, "~> 1.0", [hex: :makeup, repo: "hexpm", optional: false]}], "hexpm", "174d0809e98a4ef0b3309256cbf97101c6ec01c4ab0b23e926a9e17df2077cbb"},
  "nerves": {:hex, :nerves, "1.9.1", "09cfd3589af81c4b1ac35179aee5f6d94bde36548a905c2d4d4efa9ff311222e", [:make, :mix], [{:castore, "~> 0.1", [hex: :castore, repo: "hexpm", optional: false]}, {:elixir_make, "~> 0.6", [hex: :elixir_make, repo: "hexpm", optional: false]}, {:jason, "~> 1.2", [hex: :jason, repo: "hexpm", optional: true]}], "hexpm", "011409116923e1dbab250a6dc241ab529790163233c44e374ff352af72d09a56"},
  "nerves_system_br": {:hex, :nerves_system_br, "1.21.2", "b4d7df6525a695c85b30deb4ed69c94686e0c7ab7b9d6736f73e97cb7ed91d13", [:mix], [], "hexpm", "df94bf9941aec3bcb5aea858eb5c6f6ea70906fb495ae4fa557b02aa08c81c05"},
  "nerves_system_linter": {:hex, :nerves_system_linter, "0.4.0", "81e9a6f5018fe5fb67d7b43a04dca36156f62b55b5554eb2fa3964d3889d09cd", [:mix], [], "hexpm", "b5bd8480ce7a6317f4601ff41fd2f594bdf76aff0bdf6dcfac571c3fa1ec5f82"},
  "nerves_toolchain_armv6_nerves_linux_gnueabihf": {:hex, :nerves_toolchain_armv6_nerves_linux_gnueabihf, "1.6.1", "1ee7ae5a3b1bfbddc82803edd2344045c00a57310c1db473e6e71dba7f564810", [:mix], [{:nerves, "~> 1.0", [hex: :nerves, repo: "hexpm", optional: false]}, {:nerves_toolchain_ctng, "~> 1.9.0", [hex: :nerves_toolchain_ctng, repo: "hexpm", optional: false]}], "hexpm", "1293767fb33b1b0775d64d1abd6799edaa9c35fb05546e67d7181b785308b338"},
  "nerves_toolchain_ctng": {:hex, :nerves_toolchain_ctng, "1.9.1", "89b4aa1eaa0ac2e248403ec85a5ff96f372cb4ddd2b327e76f953d0a2018e74e", [:mix], [{:nerves, "~> 1.0", [hex: :nerves, repo: "hexpm", optional: false]}], "hexpm", "5a9012b82c848626cfd00b69d104011fd1c5768c7b778d24f2caa3827c116b77"},
  "nimble_parsec": {:hex, :nimble_parsec, "1.2.3", "244836e6e3f1200c7f30cb56733fd808744eca61fd182f731eac4af635cc6d0b", [:mix], [], "hexpm", "c8d789e39b9131acf7b99291e93dae60ab48ef14a7ee9d58c6964f59efb570b0"},
}
